
Microsoft Visual Studio Solution File, Format Version 12.00
# Visual Studio Version 16
VisualStudioVersion = 16.0.30517.126
MinimumVisualStudioVersion = 10.0.40219.1
Project("{FAE04EC0-301F-11D3-BF4B-00C04F79EFBC}") = "R09725060HSHunagBinPacking", "R09725060HSHunagBinPacking\R09725060HSHunagBinPacking.csproj", "{62350D64-1B69-45E3-AD27-136A1BC3E960}"
EndProject
Global
	GlobalSection(SolutionConfigurationPlatforms) = preSolution
		Debug|Any CPU = Debug|Any CPU
		Release|Any CPU = Release|Any CPU
	EndGlobalSection
	GlobalSection(ProjectConfigurationPlatforms) = postSolution
		{62350D64-1B69-45E3-AD27-136A1BC3E960}.Debug|Any CPU.ActiveCfg = Debug|Any CPU
		{62350D64-1B69-45E3-AD27-136A1BC3E960}.Debug|Any CPU.Build.0 = Debug|Any CPU
		{62350D64-1B69-45E3-AD27-136A1BC3E960}.Release|Any CPU.ActiveCfg = Release|Any CPU
		{62350D64-1B69-45E3-AD27-136A1BC3E960}.Release|Any CPU.Build.0 = Release|Any CPU
	EndGlobalSection
	GlobalSection(SolutionProperties) = preSolution
		HideSolutionNode = FALSE
	EndGlobalSection
	GlobalSection(ExtensibilityGlobals) = postSolution
		SolutionGuid = {A60C471D-D1DC-4034-A7AC-6F0F6666B71B}
	EndGlobalSection
EndGlobal
